# This file is automatically @generated by Poetry 1.8.3 and should not be changed by hand.

[[package]]
name = "ntplib"
version = "0.4.0"
description = "Python NTP library"
optional = false
python-versions = "*"
files = [
    {file = "ntplib-0.4.0-py2.py3-none-any.whl", hash = "sha256:8d27375329ed7ff38755f7b6d4658b28edc147cadf40338a63a0da8133469d60"},
    {file = "ntplib-0.4.0.tar.gz", hash = "sha256:899d8fb5f8c2555213aea95efca02934c7343df6ace9d7628a5176b176906267"},
]

[metadata]
lock-version = "2.0"
python-versions = "^3.12"
content-hash = "72271f5a70ac33696e4d0f553fe00580ada0c552175ff422c248c9f7f885654c"
